
Microsoft Visual Studio Solution File, Format Version 12.00
# Visual Studio Version 17
VisualStudioVersion = 17.0.32112.339
MinimumVisualStudioVersion = 10.0.40219.1
Project("{FAE04EC0-301F-11D3-BF4B-00C04F79EFBC}") = "Exercicio2.ConsoleApp", "Exercicio2.ConsoleApp\Exercicio2.ConsoleApp.csproj", "{4A849AF6-437F-4927-ADD0-01D22E56F81D}"
EndProject
Global
	GlobalSection(SolutionConfigurationPlatforms) = preSolution
		Debug|Any CPU = Debug|Any CPU
		Release|Any CPU = Release|Any CPU
	EndGlobalSection
	GlobalSection(ProjectConfigurationPlatforms) = postSolution
		{4A849AF6-437F-4927-ADD0-01D22E56F81D}.Debug|Any CPU.ActiveCfg = Debug|Any CPU
		{4A849AF6-437F-4927-ADD0-01D22E56F81D}.Debug|Any CPU.Build.0 = Debug|Any CPU
		{4A849AF6-437F-4927-ADD0-01D22E56F81D}.Release|Any CPU.ActiveCfg = Release|Any CPU
		{4A849AF6-437F-4927-ADD0-01D22E56F81D}.Release|Any CPU.Build.0 = Release|Any CPU
	EndGlobalSection
	GlobalSection(SolutionProperties) = preSolution
		HideSolutionNode = FALSE
	EndGlobalSection
	GlobalSection(ExtensibilityGlobals) = postSolution
		SolutionGuid = {E0F05A43-2F41-407F-836D-7FF77F647B30}
	EndGlobalSection
EndGlobal
